{
    "_meta": {
        "hash": {
            "sha256": "f5a397c58ff71fc88bb7ae3d8b83c9eafdd00a234e7861f177ee7684c732a72c"
        },
        "pipfile-spec": 6,
        "requires": {
            "python_version": "3.6"
        },
        "sources": [
            {
                "name": "pypi",
                "url": "https://pypi.org/simple",
                "verify_ssl": true
            }
        ]
    },
    "default": {
        "asgiref": {
            "hashes": [
                "sha256:8036f90603c54e93521e5777b2b9a39ba1bad05773fcf2d208f0299d1df58ce5",
                "sha256:9ca8b952a0a9afa61d30aa6d3d9b570bb3fd6bafcf7ec9e6bed43b936133db1c"
            ],
            "version": "==3.2.7"
        },
        "django": {
            "hashes": [
                "sha256:50b781f6cbeb98f673aa76ed8e572a019a45e52bdd4ad09001072dfd91ab07c8",
                "sha256:89e451bfbb815280b137e33e454ddd56481fdaa6334054e6e031041ee1eda360"
            ],
            "index": "pypi",
            "version": "==3.0.4"
        },
        "pytz": {
            "hashes": [
                "sha256:1c557d7d0e871de1f5ccd5833f60fb2550652da6be2693c1e02300743d21500d",
                "sha256:b02c06db6cf09c12dd25137e563b31700d3b80fcc4ad23abb7a315f2789819be"
            ],
            "version": "==2019.3"
        },
        "sqlparse": {
            "hashes": [
                "sha256:022fb9c87b524d1f7862b3037e541f68597a730a8843245c349fc93e1643dc4e",
                "sha256:e162203737712307dfe78860cc56c8da8a852ab2ee33750e33aeadf38d12c548"
            ],
            "version": "==0.3.1"
        }
    },
    "develop": {
        "bandit": {
            "hashes": [
                "sha256:336620e220cf2d3115877685e264477ff9d9abaeb0afe3dc7264f55fa17a3952",
                "sha256:41e75315853507aa145d62a78a2a6c5e3240fe14ee7c601459d0df9418196065"
            ],
            "index": "pypi",
            "version": "==1.6.2"
        },
        "gitdb": {
            "hashes": [
                "sha256:284a6a4554f954d6e737cddcff946404393e030b76a282c6640df8efd6b3da5e",
                "sha256:598e0096bb3175a0aab3a0b5aedaa18a9a25c6707e0eca0695ba1a0baf1b2150"
            ],
            "version": "==4.0.2"
        },
        "gitpython": {
            "hashes": [
                "sha256:43da89427bdf18bf07f1164c6d415750693b4d50e28fc9b68de706245147b9dd",
                "sha256:e426c3b587bd58c482f0b7fe6145ff4ac7ae6c82673fc656f489719abca6f4cb"
            ],
            "version": "==3.1.0"
        },
        "pbr": {
            "hashes": [
                "sha256:139d2625547dbfa5fb0b81daebb39601c478c21956dc57e2e07b74450a8c506b",
                "sha256:61aa52a0f18b71c5cc58232d2cf8f8d09cd67fcad60b742a60124cb8d6951488"
            ],
            "version": "==5.4.4"
        },
        "pyyaml": {
            "hashes": [
                "sha256:06a0d7ba600ce0b2d2fe2e78453a470b5a6e000a985dd4a4e54e436cc36b0e97",
                "sha256:240097ff019d7c70a4922b6869d8a86407758333f02203e0fc6ff79c5dcede76",
                "sha256:4f4b913ca1a7319b33cfb1369e91e50354d6f07a135f3b901aca02aa95940bd2",
                "sha256:69f00dca373f240f842b2931fb2c7e14ddbacd1397d57157a9b005a6a9942648",
                "sha256:73f099454b799e05e5ab51423c7bcf361c58d3206fa7b0d555426b1f4d9a3eaf",
                "sha256:74809a57b329d6cc0fdccee6318f44b9b8649961fa73144a98735b0aaf029f1f",
                "sha256:7739fc0fa8205b3ee8808aea45e968bc90082c10aef6ea95e855e10abf4a37b2",
                "sha256:95f71d2af0ff4227885f7a6605c37fd53d3a106fcab511b8860ecca9fcf400ee",
                "sha256:b8eac752c5e14d3eca0e6dd9199cd627518cb5ec06add0de9d32baeee6fe645d",
                "sha256:cc8955cfbfc7a115fa81d85284ee61147059a753344bc51098f3ccd69b0d7e0c",
                "sha256:d13155f591e6fcc1ec3b30685d50bf0711574e2c0dfffd7644babf8b5102ca1a"
            ],
            "version": "==5.3.1"
        },
        "six": {
            "hashes": [
                "sha256:236bdbdce46e6e6a3d61a337c0f8b763ca1e8717c03b369e87a7ec7ce1319c0a",
                "sha256:8f3cd2e254d8f793e7f3d6d9df77b92252b52637291d0f0da013c76ea2724b6c"
            ],
            "version": "==1.14.0"
        },
        "smmap": {
            "hashes": [
                "sha256:171484fe62793e3626c8b05dd752eb2ca01854b0c55a1efc0dc4210fccb65446",
                "sha256:5fead614cf2de17ee0707a8c6a5f2aa5a2fc6c698c70993ba42f515485ffda78"
            ],
            "version": "==3.0.1"
        },
        "stevedore": {
            "hashes": [
                "sha256:18afaf1d623af5950cc0f7e75e70f917784c73b652a34a12d90b309451b5500b",
                "sha256:a4e7dc759fb0f2e3e2f7d8ffe2358c19d45b9b8297f393ef1256858d82f69c9b"
            ],
            "version": "==1.32.0"
        }
    }
}
